<?xml version="1.0" encoding="UTF-8"?>
<!DOCTYPE plist PUBLIC "-//Apple//DTD PLIST 1.0//EN" "http://www.apple.com/DTDs/PropertyList-1.0.dtd">
<plist version="1.0">
<dict>
	<key>archiveVersion</key>
	<string>1</string>
	<key>classes</key>
	<dict/>
	<key>objectVersion</key>
	<string>46</string>
	<key>objects</key>
	<dict>
		<key>2128410A6A283C0C961BDB60</key>
		<dict>
			<key>buildActionMask</key>
			<string>2147483647</string>
			<key>files</key>
			<array/>
			<key>inputPaths</key>
			<array/>
			<key>isa</key>
			<string>PBXShellScriptBuildPhase</string>
			<key>name</key>
			<string>Copy Pods Resources</string>
			<key>outputPaths</key>
			<array/>
			<key>runOnlyForDeploymentPostprocessing</key>
			<string>0</string>
			<key>shellPath</key>
			<string>/bin/sh</string>
			<key>shellScript</key>
			<string>"${SRCROOT}/Pods/Target Support Files/Pods/Pods-resources.sh"
</string>
			<key>showEnvVarsInLog</key>
			<string>0</string>
		</dict>
		<key>36D455F8D43EED2D01400EE6</key>
		<dict>
			<key>fileRef</key>
			<string>372F901E7BFD978AB37E99AA</string>
			<key>isa</key>
			<string>PBXBuildFile</string>
		</dict>
		<key>372F901E7BFD978AB37E99AA</key>
		<dict>
			<key>explicitFileType</key>
			<string>archive.ar</string>
			<key>includeInIndex</key>
			<string>0</string>
			<key>isa</key>
			<string>PBXFileReference</string>
			<key>path</key>
			<string>libPods.a</string>
			<key>sourceTree</key>
			<string>BUILT_PRODUCTS_DIR</string>
		</dict>
		<key>42742917E863CFC48B65261C</key>
		<dict>
			<key>children</key>
			<array>
				<string>6AC6A3109620B646C43C8565</string>
				<string>BAB15C48431DB0CAF22965A2</string>
			</array>
			<key>isa</key>
			<string>PBXGroup</string>
			<key>name</key>
			<string>Pods</string>
			<key>sourceTree</key>
			<string>&lt;group&gt;</string>
		</dict>
		<key>64250FA4BABD245A7F95480E</key>
		<dict>
			<key>fileRef</key>
			<string>ED17365AC8D1C119895A4FA6</string>
			<key>isa</key>
			<string>PBXBuildFile</string>
		</dict>
		<key>6AC6A3109620B646C43C8565</key>
		<dict>
			<key>includeInIndex</key>
			<string>1</string>
			<key>isa</key>
			<string>PBXFileReference</string>
			<key>lastKnownFileType</key>
			<string>text.xcconfig</string>
			<key>name</key>
			<string>Pods-FunCronyms.debug.xcconfig</string>
			<key>path</key>
			<string>Pods/Target Support Files/Pods-FunCronyms/Pods-FunCronyms.debug.xcconfig</string>
			<key>sourceTree</key>
			<string>&lt;group&gt;</string>
		</dict>
		<key>BAB15C48431DB0CAF22965A2</key>
		<dict>
			<key>includeInIndex</key>
			<string>1</string>
			<key>isa</key>
			<string>PBXFileReference</string>
			<key>lastKnownFileType</key>
			<string>text.xcconfig</string>
			<key>name</key>
			<string>Pods-FunCronyms.release.xcconfig</string>
			<key>path</key>
			<string>Pods/Target Support Files/Pods-FunCronyms/Pods-FunCronyms.release.xcconfig</string>
			<key>sourceTree</key>
			<string>&lt;group&gt;</string>
		</dict>
		<key>BCF9A0611CA85ACC00D5400A</key>
		<dict>
			<key>children</key>
			<array>
				<string>BCF9A06C1CA85ACC00D5400A</string>
				<string>BCF9A0861CA85ACC00D5400A</string>
				<string>BCF9A0911CA85ACC00D5400A</string>
				<string>BCF9A06B1CA85ACC00D5400A</string>
				<string>42742917E863CFC48B65261C</string>
				<string>F84000C8AFAEE13AA5623880</string>
			</array>
			<key>isa</key>
			<string>PBXGroup</string>
			<key>sourceTree</key>
			<string>&lt;group&gt;</string>
		</dict>
		<key>BCF9A0621CA85ACC00D5400A</key>
		<dict>
			<key>attributes</key>
			<dict>
				<key>LastUpgradeCheck</key>
				<string>0730</string>
				<key>ORGANIZATIONNAME</key>
				<string>Swagat Mishra</string>
				<key>TargetAttributes</key>
				<dict>
					<key>BCF9A0691CA85ACC00D5400A</key>
					<dict>
						<key>CreatedOnToolsVersion</key>
						<string>7.3</string>
					</dict>
					<key>BCF9A0821CA85ACC00D5400A</key>
					<dict>
						<key>CreatedOnToolsVersion</key>
						<string>7.3</string>
						<key>TestTargetID</key>
						<string>BCF9A0691CA85ACC00D5400A</string>
					</dict>
					<key>BCF9A08D1CA85ACC00D5400A</key>
					<dict>
						<key>CreatedOnToolsVersion</key>
						<string>7.3</string>
						<key>TestTargetID</key>
						<string>BCF9A0691CA85ACC00D5400A</string>
					</dict>
				</dict>
			</dict>
			<key>buildConfigurationList</key>
			<string>BCF9A0651CA85ACC00D5400A</string>
			<key>compatibilityVersion</key>
			<string>Xcode 3.2</string>
			<key>developmentRegion</key>
			<string>English</string>
			<key>hasScannedForEncodings</key>
			<string>0</string>
			<key>isa</key>
			<string>PBXProject</string>
			<key>knownRegions</key>
			<array>
				<string>en</string>
				<string>Base</string>
			</array>
			<key>mainGroup</key>
			<string>BCF9A0611CA85ACC00D5400A</string>
			<key>productRefGroup</key>
			<string>BCF9A06B1CA85ACC00D5400A</string>
			<key>projectDirPath</key>
			<string></string>
			<key>projectReferences</key>
			<array/>
			<key>projectRoot</key>
			<string></string>
			<key>targets</key>
			<array>
				<string>BCF9A0691CA85ACC00D5400A</string>
				<string>BCF9A0821CA85ACC00D5400A</string>
				<string>BCF9A08D1CA85ACC00D5400A</string>
			</array>
		</dict>
		<key>BCF9A0651CA85ACC00D5400A</key>
		<dict>
			<key>buildConfigurations</key>
			<array>
				<string>BCF9A0951CA85ACC00D5400A</string>
				<string>BCF9A0961CA85ACC00D5400A</string>
			</array>
			<key>defaultConfigurationIsVisible</key>
			<string>0</string>
			<key>defaultConfigurationName</key>
			<string>Release</string>
			<key>isa</key>
			<string>XCConfigurationList</string>
		</dict>
		<key>BCF9A0661CA85ACC00D5400A</key>
		<dict>
			<key>buildActionMask</key>
			<string>2147483647</string>
			<key>files</key>
			<array>
				<string>BCF9A0751CA85ACC00D5400A</string>
				<string>BCF9A0721CA85ACC00D5400A</string>
				<string>BCF9A0C11CAAE8AF00D5400A</string>
				<string>BCF9A0A51CA899E000D5400A</string>
				<string>BCF9A0AB1CAA080C00D5400A</string>
				<string>BCF9A0BF1CAAE8AF00D5400A</string>
				<string>BCF9A0C01CAAE8AF00D5400A</string>
				<string>BCF9A06F1CA85ACC00D5400A</string>
			</array>
			<key>isa</key>
			<string>PBXSourcesBuildPhase</string>
			<key>runOnlyForDeploymentPostprocessing</key>
			<string>0</string>
		</dict>
		<key>BCF9A0671CA85ACC00D5400A</key>
		<dict>
			<key>buildActionMask</key>
			<string>2147483647</string>
			<key>files</key>
			<array>
				<string>64250FA4BABD245A7F95480E</string>
				<string>36D455F8D43EED2D01400EE6</string>
			</array>
			<key>isa</key>
			<string>PBXFrameworksBuildPhase</string>
			<key>runOnlyForDeploymentPostprocessing</key>
			<string>0</string>
		</dict>
		<key>BCF9A0681CA85ACC00D5400A</key>
		<dict>
			<key>buildActionMask</key>
			<string>2147483647</string>
			<key>files</key>
			<array>
				<string>BCF9A07D1CA85ACC00D5400A</string>
				<string>BCF9A07A1CA85ACC00D5400A</string>
				<string>BCF9A0781CA85ACC00D5400A</string>
			</array>
			<key>isa</key>
			<string>PBXResourcesBuildPhase</string>
			<key>runOnlyForDeploymentPostprocessing</key>
			<string>0</string>
		</dict>
		<key>BCF9A0691CA85ACC00D5400A</key>
		<dict>
			<key>buildConfigurationList</key>
			<string>BCF9A0971CA85ACC00D5400A</string>
			<key>buildPhases</key>
			<array>
				<string>F2C11498DEB264236A75B74A</string>
				<string>BCF9A0661CA85ACC00D5400A</string>
				<string>BCF9A0671CA85ACC00D5400A</string>
				<string>BCF9A0681CA85ACC00D5400A</string>
				<string>D356403331D264C0988E20C9</string>
				<string>2128410A6A283C0C961BDB60</string>
			</array>
			<key>buildRules</key>
			<array/>
			<key>dependencies</key>
			<array/>
			<key>isa</key>
			<string>PBXNativeTarget</string>
			<key>name</key>
			<string>FunCronyms</string>
			<key>productName</key>
			<string>FunCronyms</string>
			<key>productReference</key>
			<string>BCF9A06A1CA85ACC00D5400A</string>
			<key>productType</key>
			<string>com.apple.product-type.application</string>
		</dict>
		<key>BCF9A06A1CA85ACC00D5400A</key>
		<dict>
			<key>explicitFileType</key>
			<string>wrapper.application</string>
			<key>includeInIndex</key>
			<string>0</string>
			<key>isa</key>
			<string>PBXFileReference</string>
			<key>path</key>
			<string>FunCronyms.app</string>
			<key>sourceTree</key>
			<string>BUILT_PRODUCTS_DIR</string>
		</dict>
		<key>BCF9A06B1CA85ACC00D5400A</key>
		<dict>
			<key>children</key>
			<array>
				<string>BCF9A06A1CA85ACC00D5400A</string>
				<string>BCF9A0831CA85ACC00D5400A</string>
				<string>BCF9A08E1CA85ACC00D5400A</string>
			</array>
			<key>isa</key>
			<string>PBXGroup</string>
			<key>name</key>
			<string>Products</string>
			<key>sourceTree</key>
			<string>&lt;group&gt;</string>
		</dict>
		<key>BCF9A06C1CA85ACC00D5400A</key>
		<dict>
			<key>children</key>
			<array>
				<string>BCF9A0B81CAAE87F00D5400A</string>
				<string>BCF9A0701CA85ACC00D5400A</string>
				<string>BCF9A0711CA85ACC00D5400A</string>
				<string>BCF9A0731CA85ACC00D5400A</string>
				<string>BCF9A0741CA85ACC00D5400A</string>
				<string>BCF9A0761CA85ACC00D5400A</string>
				<string>BCF9A0791CA85ACC00D5400A</string>
				<string>BCF9A07B1CA85ACC00D5400A</string>
				<string>BCF9A07E1CA85ACC00D5400A</string>
				<string>BCF9A06D1CA85ACC00D5400A</string>
				<string>BCF9A0A31CA899E000D5400A</string>
				<string>BCF9A0A41CA899E000D5400A</string>
				<string>BCF9A0A91CAA080C00D5400A</string>
				<string>BCF9A0AA1CAA080C00D5400A</string>
			</array>
			<key>isa</key>
			<string>PBXGroup</string>
			<key>path</key>
			<string>FunCronyms</string>
			<key>sourceTree</key>
			<string>&lt;group&gt;</string>
		</dict>
		<key>BCF9A06D1CA85ACC00D5400A</key>
		<dict>
			<key>children</key>
			<array>
				<string>BCF9A06E1CA85ACC00D5400A</string>
			</array>
			<key>isa</key>
			<string>PBXGroup</string>
			<key>name</key>
			<string>Supporting Files</string>
			<key>sourceTree</key>
			<string>&lt;group&gt;</string>
		</dict>
		<key>BCF9A06E1CA85ACC00D5400A</key>
		<dict>
			<key>isa</key>
			<string>PBXFileReference</string>
			<key>lastKnownFileType</key>
			<string>sourcecode.c.objc</string>
			<key>path</key>
			<string>main.m</string>
			<key>sourceTree</key>
			<string>&lt;group&gt;</string>
		</dict>
		<key>BCF9A06F1CA85ACC00D5400A</key>
		<dict>
			<key>fileRef</key>
			<string>BCF9A06E1CA85ACC00D5400A</string>
			<key>isa</key>
			<string>PBXBuildFile</string>
		</dict>
		<key>BCF9A0701CA85ACC00D5400A</key>
		<dict>
			<key>isa</key>
			<string>PBXFileReference</string>
			<key>lastKnownFileType</key>
			<string>sourcecode.c.h</string>
			<key>path</key>
			<string>AppDelegate.h</string>
			<key>sourceTree</key>
			<string>&lt;group&gt;</string>
		</dict>
		<key>BCF9A0711CA85ACC00D5400A</key>
		<dict>
			<key>isa</key>
			<string>PBXFileReference</string>
			<key>lastKnownFileType</key>
			<string>sourcecode.c.objc</string>
			<key>path</key>
			<string>AppDelegate.m</string>
			<key>sourceTree</key>
			<string>&lt;group&gt;</string>
		</dict>
		<key>BCF9A0721CA85ACC00D5400A</key>
		<dict>
			<key>fileRef</key>
			<string>BCF9A0711CA85ACC00D5400A</string>
			<key>isa</key>
			<string>PBXBuildFile</string>
		</dict>
		<key>BCF9A0731CA85ACC00D5400A</key>
		<dict>
			<key>isa</key>
			<string>PBXFileReference</string>
			<key>lastKnownFileType</key>
			<string>sourcecode.c.h</string>
			<key>path</key>
			<string>ViewController.h</string>
			<key>sourceTree</key>
			<string>&lt;group&gt;</string>
		</dict>
		<key>BCF9A0741CA85ACC00D5400A</key>
		<dict>
			<key>isa</key>
			<string>PBXFileReference</string>
			<key>lastKnownFileType</key>
			<string>sourcecode.c.objc</string>
			<key>path</key>
			<string>ViewController.m</string>
			<key>sourceTree</key>
			<string>&lt;group&gt;</string>
		</dict>
		<key>BCF9A0751CA85ACC00D5400A</key>
		<dict>
			<key>fileRef</key>
			<string>BCF9A0741CA85ACC00D5400A</string>
			<key>isa</key>
			<string>PBXBuildFile</string>
		</dict>
		<key>BCF9A0761CA85ACC00D5400A</key>
		<dict>
			<key>children</key>
			<array>
				<string>BCF9A0771CA85ACC00D5400A</string>
			</array>
			<key>isa</key>
			<string>PBXVariantGroup</string>
			<key>name</key>
			<string>Main.storyboard</string>
			<key>sourceTree</key>
			<string>&lt;group&gt;</string>
		</dict>
		<key>BCF9A0771CA85ACC00D5400A</key>
		<dict>
			<key>isa</key>
			<string>PBXFileReference</string>
			<key>lastKnownFileType</key>
			<string>file.storyboard</string>
			<key>name</key>
			<string>Base</string>
			<key>path</key>
			<string>Base.lproj/Main.storyboard</string>
			<key>sourceTree</key>
			<string>&lt;group&gt;</string>
		</dict>
		<key>BCF9A0781CA85ACC00D5400A</key>
		<dict>
			<key>fileRef</key>
			<string>BCF9A0761CA85ACC00D5400A</string>
			<key>isa</key>
			<string>PBXBuildFile</string>
		</dict>
		<key>BCF9A0791CA85ACC00D5400A</key>
		<dict>
			<key>isa</key>
			<string>PBXFileReference</string>
			<key>lastKnownFileType</key>
			<string>folder.assetcatalog</string>
			<key>path</key>
			<string>Assets.xcassets</string>
			<key>sourceTree</key>
			<string>&lt;group&gt;</string>
		</dict>
		<key>BCF9A07A1CA85ACC00D5400A</key>
		<dict>
			<key>fileRef</key>
			<string>BCF9A0791CA85ACC00D5400A</string>
			<key>isa</key>
			<string>PBXBuildFile</string>
		</dict>
		<key>BCF9A07B1CA85ACC00D5400A</key>
		<dict>
			<key>children</key>
			<array>
				<string>BCF9A07C1CA85ACC00D5400A</string>
			</array>
			<key>isa</key>
			<string>PBXVariantGroup</string>
			<key>name</key>
			<string>LaunchScreen.storyboard</string>
			<key>sourceTree</key>
			<string>&lt;group&gt;</string>
		</dict>
		<key>BCF9A07C1CA85ACC00D5400A</key>
		<dict>
			<key>isa</key>
			<string>PBXFileReference</string>
			<key>lastKnownFileType</key>
			<string>file.storyboard</string>
			<key>name</key>
			<string>Base</string>
			<key>path</key>
			<string>Base.lproj/LaunchScreen.storyboard</string>
			<key>sourceTree</key>
			<string>&lt;group&gt;</string>
		</dict>
		<key>BCF9A07D1CA85ACC00D5400A</key>
		<dict>
			<key>fileRef</key>
			<string>BCF9A07B1CA85ACC00D5400A</string>
			<key>isa</key>
			<string>PBXBuildFile</string>
		</dict>
		<key>BCF9A07E1CA85ACC00D5400A</key>
		<dict>
			<key>isa</key>
			<string>PBXFileReference</string>
			<key>lastKnownFileType</key>
			<string>text.plist.xml</string>
			<key>path</key>
			<string>Info.plist</string>
			<key>sourceTree</key>
			<string>&lt;group&gt;</string>
		</dict>
		<key>BCF9A07F1CA85ACC00D5400A</key>
		<dict>
			<key>buildActionMask</key>
			<string>2147483647</string>
			<key>files</key>
			<array>
				<string>BCF9A0881CA85ACC00D5400A</string>
			</array>
			<key>isa</key>
			<string>PBXSourcesBuildPhase</string>
			<key>runOnlyForDeploymentPostprocessing</key>
			<string>0</string>
		</dict>
		<key>BCF9A0801CA85ACC00D5400A</key>
		<dict>
			<key>buildActionMask</key>
			<string>2147483647</string>
			<key>files</key>
			<array/>
			<key>isa</key>
			<string>PBXFrameworksBuildPhase</string>
			<key>runOnlyForDeploymentPostprocessing</key>
			<string>0</string>
		</dict>
		<key>BCF9A0811CA85ACC00D5400A</key>
		<dict>
			<key>buildActionMask</key>
			<string>2147483647</string>
			<key>files</key>
			<array/>
			<key>isa</key>
			<string>PBXResourcesBuildPhase</string>
			<key>runOnlyForDeploymentPostprocessing</key>
			<string>0</string>
		</dict>
		<key>BCF9A0821CA85ACC00D5400A</key>
		<dict>
			<key>buildConfigurationList</key>
			<string>BCF9A09A1CA85ACC00D5400A</string>
			<key>buildPhases</key>
			<array>
				<string>BCF9A07F1CA85ACC00D5400A</string>
				<string>BCF9A0801CA85ACC00D5400A</string>
				<string>BCF9A0811CA85ACC00D5400A</string>
			</array>
			<key>buildRules</key>
			<array/>
			<key>dependencies</key>
			<array>
				<string>BCF9A0851CA85ACC00D5400A</string>
			</array>
			<key>isa</key>
			<string>PBXNativeTarget</string>
			<key>name</key>
			<string>FunCronymsTests</string>
			<key>productName</key>
			<string>FunCronymsTests</string>
			<key>productReference</key>
			<string>BCF9A0831CA85ACC00D5400A</string>
			<key>productType</key>
			<string>com.apple.product-type.bundle.unit-test</string>
		</dict>
		<key>BCF9A0831CA85ACC00D5400A</key>
		<dict>
			<key>explicitFileType</key>
			<string>wrapper.cfbundle</string>
			<key>includeInIndex</key>
			<string>0</string>
			<key>isa</key>
			<string>PBXFileReference</string>
			<key>path</key>
			<string>FunCronymsTests.xctest</string>
			<key>sourceTree</key>
			<string>BUILT_PRODUCTS_DIR</string>
		</dict>
		<key>BCF9A0841CA85ACC00D5400A</key>
		<dict>
			<key>containerPortal</key>
			<string>BCF9A0621CA85ACC00D5400A</string>
			<key>isa</key>
			<string>PBXContainerItemProxy</string>
			<key>proxyType</key>
			<string>1</string>
			<key>remoteGlobalIDString</key>
			<string>BCF9A0691CA85ACC00D5400A</string>
			<key>remoteInfo</key>
			<string>FunCronyms</string>
		</dict>
		<key>BCF9A0851CA85ACC00D5400A</key>
		<dict>
			<key>isa</key>
			<string>PBXTargetDependency</string>
			<key>target</key>
			<string>BCF9A0691CA85ACC00D5400A</string>
			<key>targetProxy</key>
			<string>BCF9A0841CA85ACC00D5400A</string>
		</dict>
		<key>BCF9A0861CA85ACC00D5400A</key>
		<dict>
			<key>children</key>
			<array>
				<string>BCF9A0871CA85ACC00D5400A</string>
				<string>BCF9A0891CA85ACC00D5400A</string>
			</array>
			<key>isa</key>
			<string>PBXGroup</string>
			<key>path</key>
			<string>FunCronymsTests</string>
			<key>sourceTree</key>
			<string>&lt;group&gt;</string>
		</dict>
		<key>BCF9A0871CA85ACC00D5400A</key>
		<dict>
			<key>isa</key>
			<string>PBXFileReference</string>
			<key>lastKnownFileType</key>
			<string>sourcecode.c.objc</string>
			<key>path</key>
			<string>FunCronymsTests.m</string>
			<key>sourceTree</key>
			<string>&lt;group&gt;</string>
		</dict>
		<key>BCF9A0881CA85ACC00D5400A</key>
		<dict>
			<key>fileRef</key>
			<string>BCF9A0871CA85ACC00D5400A</string>
			<key>isa</key>
			<string>PBXBuildFile</string>
		</dict>
		<key>BCF9A0891CA85ACC00D5400A</key>
		<dict>
			<key>isa</key>
			<string>PBXFileReference</string>
			<key>lastKnownFileType</key>
			<string>text.plist.xml</string>
			<key>path</key>
			<string>Info.plist</string>
			<key>sourceTree</key>
			<string>&lt;group&gt;</string>
		</dict>
		<key>BCF9A08A1CA85ACC00D5400A</key>
		<dict>
			<key>buildActionMask</key>
			<string>2147483647</string>
			<key>files</key>
			<array>
				<string>BCF9A0931CA85ACC00D5400A</string>
			</array>
			<key>isa</key>
			<string>PBXSourcesBuildPhase</string>
			<key>runOnlyForDeploymentPostprocessing</key>
			<string>0</string>
		</dict>
		<key>BCF9A08B1CA85ACC00D5400A</key>
		<dict>
			<key>buildActionMask</key>
			<string>2147483647</string>
			<key>files</key>
			<array/>
			<key>isa</key>
			<string>PBXFrameworksBuildPhase</string>
			<key>runOnlyForDeploymentPostprocessing</key>
			<string>0</string>
		</dict>
		<key>BCF9A08C1CA85ACC00D5400A</key>
		<dict>
			<key>buildActionMask</key>
			<string>2147483647</string>
			<key>files</key>
			<array/>
			<key>isa</key>
			<string>PBXResourcesBuildPhase</string>
			<key>runOnlyForDeploymentPostprocessing</key>
			<string>0</string>
		</dict>
		<key>BCF9A08D1CA85ACC00D5400A</key>
		<dict>
			<key>buildConfigurationList</key>
			<string>BCF9A09D1CA85ACC00D5400A</string>
			<key>buildPhases</key>
			<array>
				<string>BCF9A08A1CA85ACC00D5400A</string>
				<string>BCF9A08B1CA85ACC00D5400A</string>
				<string>BCF9A08C1CA85ACC00D5400A</string>
			</array>
			<key>buildRules</key>
			<array/>
			<key>dependencies</key>
			<array>
				<string>BCF9A0901CA85ACC00D5400A</string>
			</array>
			<key>isa</key>
			<string>PBXNativeTarget</string>
			<key>name</key>
			<string>FunCronymsUITests</string>
			<key>productName</key>
			<string>FunCronymsUITests</string>
			<key>productReference</key>
			<string>BCF9A08E1CA85ACC00D5400A</string>
			<key>productType</key>
			<string>com.apple.product-type.bundle.ui-testing</string>
		</dict>
		<key>BCF9A08E1CA85ACC00D5400A</key>
		<dict>
			<key>explicitFileType</key>
			<string>wrapper.cfbundle</string>
			<key>includeInIndex</key>
			<string>0</string>
			<key>isa</key>
			<string>PBXFileReference</string>
			<key>path</key>
			<string>FunCronymsUITests.xctest</string>
			<key>sourceTree</key>
			<string>BUILT_PRODUCTS_DIR</string>
		</dict>
		<key>BCF9A08F1CA85ACC00D5400A</key>
		<dict>
			<key>containerPortal</key>
			<string>BCF9A0621CA85ACC00D5400A</string>
			<key>isa</key>
			<string>PBXContainerItemProxy</string>
			<key>proxyType</key>
			<string>1</string>
			<key>remoteGlobalIDString</key>
			<string>BCF9A0691CA85ACC00D5400A</string>
			<key>remoteInfo</key>
			<string>FunCronyms</string>
		</dict>
		<key>BCF9A0901CA85ACC00D5400A</key>
		<dict>
			<key>isa</key>
			<string>PBXTargetDependency</string>
			<key>target</key>
			<string>BCF9A0691CA85ACC00D5400A</string>
			<key>targetProxy</key>
			<string>BCF9A08F1CA85ACC00D5400A</string>
		</dict>
		<key>BCF9A0911CA85ACC00D5400A</key>
		<dict>
			<key>children</key>
			<array>
				<string>BCF9A0921CA85ACC00D5400A</string>
				<string>BCF9A0941CA85ACC00D5400A</string>
			</array>
			<key>isa</key>
			<string>PBXGroup</string>
			<key>path</key>
			<string>FunCronymsUITests</string>
			<key>sourceTree</key>
			<string>&lt;group&gt;</string>
		</dict>
		<key>BCF9A0921CA85ACC00D5400A</key>
		<dict>
			<key>isa</key>
			<string>PBXFileReference</string>
			<key>lastKnownFileType</key>
			<string>sourcecode.c.objc</string>
			<key>path</key>
			<string>FunCronymsUITests.m</string>
			<key>sourceTree</key>
			<string>&lt;group&gt;</string>
		</dict>
		<key>BCF9A0931CA85ACC00D5400A</key>
		<dict>
			<key>fileRef</key>
			<string>BCF9A0921CA85ACC00D5400A</string>
			<key>isa</key>
			<string>PBXBuildFile</string>
		</dict>
		<key>BCF9A0941CA85ACC00D5400A</key>
		<dict>
			<key>isa</key>
			<string>PBXFileReference</string>
			<key>lastKnownFileType</key>
			<string>text.plist.xml</string>
			<key>path</key>
			<string>Info.plist</string>
			<key>sourceTree</key>
			<string>&lt;group&gt;</string>
		</dict>
		<key>BCF9A0951CA85ACC00D5400A</key>
		<dict>
			<key>buildSettings</key>
			<dict>
				<key>ALWAYS_SEARCH_USER_PATHS</key>
				<string>NO</string>
				<key>CLANG_ANALYZER_NONNULL</key>
				<string>YES</string>
				<key>CLANG_CXX_LANGUAGE_STANDARD</key>
				<string>gnu++0x</string>
				<key>CLANG_CXX_LIBRARY</key>
				<string>libc++</string>
				<key>CLANG_ENABLE_MODULES</key>
				<string>YES</string>
				<key>CLANG_ENABLE_OBJC_ARC</key>
				<string>YES</string>
				<key>CLANG_WARN_BOOL_CONVERSION</key>
				<string>YES</string>
				<key>CLANG_WARN_CONSTANT_CONVERSION</key>
				<string>YES</string>
				<key>CLANG_WARN_DIRECT_OBJC_ISA_USAGE</key>
				<string>YES_ERROR</string>
				<key>CLANG_WARN_EMPTY_BODY</key>
				<string>YES</string>
				<key>CLANG_WARN_ENUM_CONVERSION</key>
				<string>YES</string>
				<key>CLANG_WARN_INT_CONVERSION</key>
				<string>YES</string>
				<key>CLANG_WARN_OBJC_ROOT_CLASS</key>
				<string>YES_ERROR</string>
				<key>CLANG_WARN_UNREACHABLE_CODE</key>
				<string>YES</string>
				<key>CLANG_WARN__DUPLICATE_METHOD_MATCH</key>
				<string>YES</string>
				<key>CODE_SIGN_IDENTITY[sdk=iphoneos*]</key>
				<string>iPhone Developer</string>
				<key>COPY_PHASE_STRIP</key>
				<string>NO</string>
				<key>DEBUG_INFORMATION_FORMAT</key>
				<string>dwarf</string>
				<key>ENABLE_STRICT_OBJC_MSGSEND</key>
				<string>YES</string>
				<key>ENABLE_TESTABILITY</key>
				<string>YES</string>
				<key>GCC_C_LANGUAGE_STANDARD</key>
				<string>gnu99</string>
				<key>GCC_DYNAMIC_NO_PIC</key>
				<string>NO</string>
				<key>GCC_NO_COMMON_BLOCKS</key>
				<string>YES</string>
				<key>GCC_OPTIMIZATION_LEVEL</key>
				<string>0</string>
				<key>GCC_PREPROCESSOR_DEFINITIONS</key>
				<array>
					<string>DEBUG=1</string>
					<string>$(inherited)</string>
				</array>
				<key>GCC_WARN_64_TO_32_BIT_CONVERSION</key>
				<string>YES</string>
				<key>GCC_WARN_ABOUT_RETURN_TYPE</key>
				<string>YES_ERROR</string>
				<key>GCC_WARN_UNDECLARED_SELECTOR</key>
				<string>YES</string>
				<key>GCC_WARN_UNINITIALIZED_AUTOS</key>
				<string>YES_AGGRESSIVE</string>
				<key>GCC_WARN_UNUSED_FUNCTION</key>
				<string>YES</string>
				<key>GCC_WARN_UNUSED_VARIABLE</key>
				<string>YES</string>
				<key>IPHONEOS_DEPLOYMENT_TARGET</key>
				<string>9.3</string>
				<key>MTL_ENABLE_DEBUG_INFO</key>
				<string>YES</string>
				<key>ONLY_ACTIVE_ARCH</key>
				<string>YES</string>
				<key>SDKROOT</key>
				<string>iphoneos</string>
			</dict>
			<key>isa</key>
			<string>XCBuildConfiguration</string>
			<key>name</key>
			<string>Debug</string>
		</dict>
		<key>BCF9A0961CA85ACC00D5400A</key>
		<dict>
			<key>buildSettings</key>
			<dict>
				<key>ALWAYS_SEARCH_USER_PATHS</key>
				<string>NO</string>
				<key>CLANG_ANALYZER_NONNULL</key>
				<string>YES</string>
				<key>CLANG_CXX_LANGUAGE_STANDARD</key>
				<string>gnu++0x</string>
				<key>CLANG_CXX_LIBRARY</key>
				<string>libc++</string>
				<key>CLANG_ENABLE_MODULES</key>
				<string>YES</string>
				<key>CLANG_ENABLE_OBJC_ARC</key>
				<string>YES</string>
				<key>CLANG_WARN_BOOL_CONVERSION</key>
				<string>YES</string>
				<key>CLANG_WARN_CONSTANT_CONVERSION</key>
				<string>YES</string>
				<key>CLANG_WARN_DIRECT_OBJC_ISA_USAGE</key>
				<string>YES_ERROR</string>
				<key>CLANG_WARN_EMPTY_BODY</key>
				<string>YES</string>
				<key>CLANG_WARN_ENUM_CONVERSION</key>
				<string>YES</string>
				<key>CLANG_WARN_INT_CONVERSION</key>
				<string>YES</string>
				<key>CLANG_WARN_OBJC_ROOT_CLASS</key>
				<string>YES_ERROR</string>
				<key>CLANG_WARN_UNREACHABLE_CODE</key>
				<string>YES</string>
				<key>CLANG_WARN__DUPLICATE_METHOD_MATCH</key>
				<string>YES</string>
				<key>CODE_SIGN_IDENTITY[sdk=iphoneos*]</key>
				<string>iPhone Developer</string>
				<key>COPY_PHASE_STRIP</key>
				<string>NO</string>
				<key>DEBUG_INFORMATION_FORMAT</key>
				<string>dwarf-with-dsym</string>
				<key>ENABLE_NS_ASSERTIONS</key>
				<string>NO</string>
				<key>ENABLE_STRICT_OBJC_MSGSEND</key>
				<string>YES</string>
				<key>GCC_C_LANGUAGE_STANDARD</key>
				<string>gnu99</string>
				<key>GCC_NO_COMMON_BLOCKS</key>
				<string>YES</string>
				<key>GCC_WARN_64_TO_32_BIT_CONVERSION</key>
				<string>YES</string>
				<key>GCC_WARN_ABOUT_RETURN_TYPE</key>
				<string>YES_ERROR</string>
				<key>GCC_WARN_UNDECLARED_SELECTOR</key>
				<string>YES</string>
				<key>GCC_WARN_UNINITIALIZED_AUTOS</key>
				<string>YES_AGGRESSIVE</string>
				<key>GCC_WARN_UNUSED_FUNCTION</key>
				<string>YES</string>
				<key>GCC_WARN_UNUSED_VARIABLE</key>
				<string>YES</string>
				<key>IPHONEOS_DEPLOYMENT_TARGET</key>
				<string>9.3</string>
				<key>MTL_ENABLE_DEBUG_INFO</key>
				<string>NO</string>
				<key>SDKROOT</key>
				<string>iphoneos</string>
				<key>VALIDATE_PRODUCT</key>
				<string>YES</string>
			</dict>
			<key>isa</key>
			<string>XCBuildConfiguration</string>
			<key>name</key>
			<string>Release</string>
		</dict>
		<key>BCF9A0971CA85ACC00D5400A</key>
		<dict>
			<key>buildConfigurations</key>
			<array>
				<string>BCF9A0981CA85ACC00D5400A</string>
				<string>BCF9A0991CA85ACC00D5400A</string>
			</array>
			<key>defaultConfigurationIsVisible</key>
			<string>0</string>
			<key>defaultConfigurationName</key>
			<string>Release</string>
			<key>isa</key>
			<string>XCConfigurationList</string>
		</dict>
		<key>BCF9A0981CA85ACC00D5400A</key>
		<dict>
			<key>baseConfigurationReference</key>
			<string>6AC6A3109620B646C43C8565</string>
			<key>buildSettings</key>
			<dict>
				<key>ASSETCATALOG_COMPILER_APPICON_NAME</key>
				<string>AppIcon</string>
				<key>INFOPLIST_FILE</key>
				<string>FunCronyms/Info.plist</string>
				<key>LD_RUNPATH_SEARCH_PATHS</key>
				<string>$(inherited) @executable_path/Frameworks</string>
				<key>PRODUCT_BUNDLE_IDENTIFIER</key>
				<string>com.swagatmishra.FunCronyms</string>
				<key>PRODUCT_NAME</key>
				<string>$(TARGET_NAME)</string>
			</dict>
			<key>isa</key>
			<string>XCBuildConfiguration</string>
			<key>name</key>
			<string>Debug</string>
		</dict>
		<key>BCF9A0991CA85ACC00D5400A</key>
		<dict>
			<key>baseConfigurationReference</key>
			<string>BAB15C48431DB0CAF22965A2</string>
			<key>buildSettings</key>
			<dict>
				<key>ASSETCATALOG_COMPILER_APPICON_NAME</key>
				<string>AppIcon</string>
				<key>INFOPLIST_FILE</key>
				<string>FunCronyms/Info.plist</string>
				<key>LD_RUNPATH_SEARCH_PATHS</key>
				<string>$(inherited) @executable_path/Frameworks</string>
				<key>PRODUCT_BUNDLE_IDENTIFIER</key>
				<string>com.swagatmishra.FunCronyms</string>
				<key>PRODUCT_NAME</key>
				<string>$(TARGET_NAME)</string>
			</dict>
			<key>isa</key>
			<string>XCBuildConfiguration</string>
			<key>name</key>
			<string>Release</string>
		</dict>
		<key>BCF9A09A1CA85ACC00D5400A</key>
		<dict>
			<key>buildConfigurations</key>
			<array>
				<string>BCF9A09B1CA85ACC00D5400A</string>
				<string>BCF9A09C1CA85ACC00D5400A</string>
			</array>
			<key>defaultConfigurationIsVisible</key>
			<string>0</string>
			<key>defaultConfigurationName</key>
			<string>Release</string>
			<key>isa</key>
			<string>XCConfigurationList</string>
		</dict>
		<key>BCF9A09B1CA85ACC00D5400A</key>
		<dict>
			<key>buildSettings</key>
			<dict>
				<key>BUNDLE_LOADER</key>
				<string>$(TEST_HOST)</string>
				<key>INFOPLIST_FILE</key>
				<string>FunCronymsTests/Info.plist</string>
				<key>LD_RUNPATH_SEARCH_PATHS</key>
				<string>$(inherited) @executable_path/Frameworks @loader_path/Frameworks</string>
				<key>PRODUCT_BUNDLE_IDENTIFIER</key>
				<string>com.swagatmishra.FunCronymsTests</string>
				<key>PRODUCT_NAME</key>
				<string>$(TARGET_NAME)</string>
				<key>TEST_HOST</key>
				<string>$(BUILT_PRODUCTS_DIR)/FunCronyms.app/FunCronyms</string>
			</dict>
			<key>isa</key>
			<string>XCBuildConfiguration</string>
			<key>name</key>
			<string>Debug</string>
		</dict>
		<key>BCF9A09C1CA85ACC00D5400A</key>
		<dict>
			<key>buildSettings</key>
			<dict>
				<key>BUNDLE_LOADER</key>
				<string>$(TEST_HOST)</string>
				<key>INFOPLIST_FILE</key>
				<string>FunCronymsTests/Info.plist</string>
				<key>LD_RUNPATH_SEARCH_PATHS</key>
				<string>$(inherited) @executable_path/Frameworks @loader_path/Frameworks</string>
				<key>PRODUCT_BUNDLE_IDENTIFIER</key>
				<string>com.swagatmishra.FunCronymsTests</string>
				<key>PRODUCT_NAME</key>
				<string>$(TARGET_NAME)</string>
				<key>TEST_HOST</key>
				<string>$(BUILT_PRODUCTS_DIR)/FunCronyms.app/FunCronyms</string>
			</dict>
			<key>isa</key>
			<string>XCBuildConfiguration</string>
			<key>name</key>
			<string>Release</string>
		</dict>
		<key>BCF9A09D1CA85ACC00D5400A</key>
		<dict>
			<key>buildConfigurations</key>
			<array>
				<string>BCF9A09E1CA85ACC00D5400A</string>
				<string>BCF9A09F1CA85ACC00D5400A</string>
			</array>
			<key>defaultConfigurationIsVisible</key>
			<string>0</string>
			<key>defaultConfigurationName</key>
			<string>Release</string>
			<key>isa</key>
			<string>XCConfigurationList</string>
		</dict>
		<key>BCF9A09E1CA85ACC00D5400A</key>
		<dict>
			<key>buildSettings</key>
			<dict>
				<key>INFOPLIST_FILE</key>
				<string>FunCronymsUITests/Info.plist</string>
				<key>LD_RUNPATH_SEARCH_PATHS</key>
				<string>$(inherited) @executable_path/Frameworks @loader_path/Frameworks</string>
				<key>PRODUCT_BUNDLE_IDENTIFIER</key>
				<string>com.swagatmishra.FunCronymsUITests</string>
				<key>PRODUCT_NAME</key>
				<string>$(TARGET_NAME)</string>
				<key>TEST_TARGET_NAME</key>
				<string>FunCronyms</string>
			</dict>
			<key>isa</key>
			<string>XCBuildConfiguration</string>
			<key>name</key>
			<string>Debug</string>
		</dict>
		<key>BCF9A09F1CA85ACC00D5400A</key>
		<dict>
			<key>buildSettings</key>
			<dict>
				<key>INFOPLIST_FILE</key>
				<string>FunCronymsUITests/Info.plist</string>
				<key>LD_RUNPATH_SEARCH_PATHS</key>
				<string>$(inherited) @executable_path/Frameworks @loader_path/Frameworks</string>
				<key>PRODUCT_BUNDLE_IDENTIFIER</key>
				<string>com.swagatmishra.FunCronymsUITests</string>
				<key>PRODUCT_NAME</key>
				<string>$(TARGET_NAME)</string>
				<key>TEST_TARGET_NAME</key>
				<string>FunCronyms</string>
			</dict>
			<key>isa</key>
			<string>XCBuildConfiguration</string>
			<key>name</key>
			<string>Release</string>
		</dict>
		<key>BCF9A0A31CA899E000D5400A</key>
		<dict>
			<key>fileEncoding</key>
			<string>4</string>
			<key>isa</key>
			<string>PBXFileReference</string>
			<key>lastKnownFileType</key>
			<string>sourcecode.c.h</string>
			<key>path</key>
			<string>AcronymFullFormsTableViewController.h</string>
			<key>sourceTree</key>
			<string>&lt;group&gt;</string>
		</dict>
		<key>BCF9A0A41CA899E000D5400A</key>
		<dict>
			<key>fileEncoding</key>
			<string>4</string>
			<key>isa</key>
			<string>PBXFileReference</string>
			<key>lastKnownFileType</key>
			<string>sourcecode.c.objc</string>
			<key>path</key>
			<string>AcronymFullFormsTableViewController.m</string>
			<key>sourceTree</key>
			<string>&lt;group&gt;</string>
		</dict>
		<key>BCF9A0A51CA899E000D5400A</key>
		<dict>
			<key>fileRef</key>
			<string>BCF9A0A41CA899E000D5400A</string>
			<key>isa</key>
			<string>PBXBuildFile</string>
		</dict>
		<key>BCF9A0A91CAA080C00D5400A</key>
		<dict>
			<key>fileEncoding</key>
			<string>4</string>
			<key>isa</key>
			<string>PBXFileReference</string>
			<key>lastKnownFileType</key>
			<string>sourcecode.c.h</string>
			<key>path</key>
			<string>VariationsListTableViewController.h</string>
			<key>sourceTree</key>
			<string>&lt;group&gt;</string>
		</dict>
		<key>BCF9A0AA1CAA080C00D5400A</key>
		<dict>
			<key>fileEncoding</key>
			<string>4</string>
			<key>isa</key>
			<string>PBXFileReference</string>
			<key>lastKnownFileType</key>
			<string>sourcecode.c.objc</string>
			<key>path</key>
			<string>VariationsListTableViewController.m</string>
			<key>sourceTree</key>
			<string>&lt;group&gt;</string>
		</dict>
		<key>BCF9A0AB1CAA080C00D5400A</key>
		<dict>
			<key>fileRef</key>
			<string>BCF9A0AA1CAA080C00D5400A</string>
			<key>isa</key>
			<string>PBXBuildFile</string>
		</dict>
		<key>BCF9A0B81CAAE87F00D5400A</key>
		<dict>
			<key>children</key>
			<array>
				<string>BCF9A0B91CAAE8AF00D5400A</string>
				<string>BCF9A0BA1CAAE8AF00D5400A</string>
				<string>BCF9A0BB1CAAE8AF00D5400A</string>
				<string>BCF9A0BC1CAAE8AF00D5400A</string>
				<string>BCF9A0BD1CAAE8AF00D5400A</string>
				<string>BCF9A0BE1CAAE8AF00D5400A</string>
			</array>
			<key>isa</key>
			<string>PBXGroup</string>
			<key>path</key>
			<string>Model</string>
			<key>sourceTree</key>
			<string>&lt;group&gt;</string>
		</dict>
		<key>BCF9A0B91CAAE8AF00D5400A</key>
		<dict>
			<key>fileEncoding</key>
			<string>4</string>
			<key>isa</key>
			<string>PBXFileReference</string>
			<key>lastKnownFileType</key>
			<string>sourcecode.c.h</string>
			<key>path</key>
			<string>AcronymFullForm.h</string>
			<key>sourceTree</key>
			<string>&lt;group&gt;</string>
		</dict>
		<key>BCF9A0BA1CAAE8AF00D5400A</key>
		<dict>
			<key>fileEncoding</key>
			<string>4</string>
			<key>isa</key>
			<string>PBXFileReference</string>
			<key>lastKnownFileType</key>
			<string>sourcecode.c.objc</string>
			<key>path</key>
			<string>AcronymFullForm.m</string>
			<key>sourceTree</key>
			<string>&lt;group&gt;</string>
		</dict>
		<key>BCF9A0BB1CAAE8AF00D5400A</key>
		<dict>
			<key>fileEncoding</key>
			<string>4</string>
			<key>isa</key>
			<string>PBXFileReference</string>
			<key>lastKnownFileType</key>
			<string>sourcecode.c.h</string>
			<key>path</key>
			<string>AcronymFullFormsList.h</string>
			<key>sourceTree</key>
			<string>&lt;group&gt;</string>
		</dict>
		<key>BCF9A0BC1CAAE8AF00D5400A</key>
		<dict>
			<key>fileEncoding</key>
			<string>4</string>
			<key>isa</key>
			<string>PBXFileReference</string>
			<key>lastKnownFileType</key>
			<string>sourcecode.c.objc</string>
			<key>path</key>
			<string>AcronymFullFormsList.m</string>
			<key>sourceTree</key>
			<string>&lt;group&gt;</string>
		</dict>
		<key>BCF9A0BD1CAAE8AF00D5400A</key>
		<dict>
			<key>fileEncoding</key>
			<string>4</string>
			<key>isa</key>
			<string>PBXFileReference</string>
			<key>lastKnownFileType</key>
			<string>sourcecode.c.h</string>
			<key>path</key>
			<string>LongForms.h</string>
			<key>sourceTree</key>
			<string>&lt;group&gt;</string>
		</dict>
		<key>BCF9A0BE1CAAE8AF00D5400A</key>
		<dict>
			<key>fileEncoding</key>
			<string>4</string>
			<key>isa</key>
			<string>PBXFileReference</string>
			<key>lastKnownFileType</key>
			<string>sourcecode.c.objc</string>
			<key>path</key>
			<string>LongForms.m</string>
			<key>sourceTree</key>
			<string>&lt;group&gt;</string>
		</dict>
		<key>BCF9A0BF1CAAE8AF00D5400A</key>
		<dict>
			<key>fileRef</key>
			<string>BCF9A0BA1CAAE8AF00D5400A</string>
			<key>isa</key>
			<string>PBXBuildFile</string>
		</dict>
		<key>BCF9A0C01CAAE8AF00D5400A</key>
		<dict>
			<key>fileRef</key>
			<string>BCF9A0BC1CAAE8AF00D5400A</string>
			<key>isa</key>
			<string>PBXBuildFile</string>
		</dict>
		<key>BCF9A0C11CAAE8AF00D5400A</key>
		<dict>
			<key>fileRef</key>
			<string>BCF9A0BE1CAAE8AF00D5400A</string>
			<key>isa</key>
			<string>PBXBuildFile</string>
		</dict>
		<key>D356403331D264C0988E20C9</key>
		<dict>
			<key>buildActionMask</key>
			<string>2147483647</string>
			<key>files</key>
			<array/>
			<key>inputPaths</key>
			<array/>
			<key>isa</key>
			<string>PBXShellScriptBuildPhase</string>
			<key>name</key>
			<string>Embed Pods Frameworks</string>
			<key>outputPaths</key>
			<array/>
			<key>runOnlyForDeploymentPostprocessing</key>
			<string>0</string>
			<key>shellPath</key>
			<string>/bin/sh</string>
			<key>shellScript</key>
			<string>"${SRCROOT}/Pods/Target Support Files/Pods/Pods-frameworks.sh"
</string>
			<key>showEnvVarsInLog</key>
			<string>0</string>
		</dict>
		<key>ED17365AC8D1C119895A4FA6</key>
		<dict>
			<key>explicitFileType</key>
			<string>archive.ar</string>
			<key>includeInIndex</key>
			<string>0</string>
			<key>isa</key>
			<string>PBXFileReference</string>
			<key>path</key>
			<string>libPods-FunCronyms.a</string>
			<key>sourceTree</key>
			<string>BUILT_PRODUCTS_DIR</string>
		</dict>
		<key>F2C11498DEB264236A75B74A</key>
		<dict>
			<key>buildActionMask</key>
			<string>2147483647</string>
			<key>files</key>
			<array/>
			<key>inputPaths</key>
			<array/>
			<key>isa</key>
			<string>PBXShellScriptBuildPhase</string>
			<key>name</key>
			<string>Check Pods Manifest.lock</string>
			<key>outputPaths</key>
			<array/>
			<key>runOnlyForDeploymentPostprocessing</key>
			<string>0</string>
			<key>shellPath</key>
			<string>/bin/sh</string>
			<key>shellScript</key>
			<string>diff "${PODS_ROOT}/../Podfile.lock" "${PODS_ROOT}/Manifest.lock" &gt; /dev/null
if [[ $? != 0 ]] ; then
    cat &lt;&lt; EOM
error: The sandbox is not in sync with the Podfile.lock. Run 'pod install' or update your CocoaPods installation.
EOM
    exit 1
fi
</string>
			<key>showEnvVarsInLog</key>
			<string>0</string>
		</dict>
		<key>F84000C8AFAEE13AA5623880</key>
		<dict>
			<key>children</key>
			<array>
				<string>ED17365AC8D1C119895A4FA6</string>
				<string>372F901E7BFD978AB37E99AA</string>
			</array>
			<key>isa</key>
			<string>PBXGroup</string>
			<key>name</key>
			<string>Frameworks</string>
			<key>sourceTree</key>
			<string>&lt;group&gt;</string>
		</dict>
	</dict>
	<key>rootObject</key>
	<string>BCF9A0621CA85ACC00D5400A</string>
</dict>
</plist>
